// !$*UTF8*$!
{
	archiveVersion = 1;
	classes = {
	};
	objectVersion = 46;
	objects = {

/* Begin PBXBuildFile section */
		8580948215A2180F00A0E91E /* UIKit.framework in Frameworks */ = {isa = PBXBuildFile; fileRef = 8580948115A2180F00A0E91E /* UIKit.framework */; };
		8580948415A2180F00A0E91E /* Foundation.framework in Frameworks */ = {isa = PBXBuildFile; fileRef = 8580948315A2180F00A0E91E /* Foundation.framework */; };
		8580948615A2180F00A0E91E /* CoreGraphics.framework in Frameworks */ = {isa = PBXBuildFile; fileRef = 8580948515A2180F00A0E91E /* CoreGraphics.framework */; };
		8580948C15A2180F00A0E91E /* InfoPlist.strings in Resources */ = {isa = PBXBuildFile; fileRef = 8580948A15A2180F00A0E91E /* InfoPlist.strings */; };
		8580948E15A2181000A0E91E /* main.m in Sources */ = {isa = PBXBuildFile; fileRef = 8580948D15A2181000A0E91E /* main.m */; };
		8580949215A2181000A0E91E /* NLAppDelegate.m in Sources */ = {isa = PBXBuildFile; fileRef = 8580949115A2181000A0E91E /* NLAppDelegate.m */; };
		8580949515A2181000A0E91E /* NLViewController.m in Sources */ = {isa = PBXBuildFile; fileRef = 8580949415A2181000A0E91E /* NLViewController.m */; };
		8580949815A2181000A0E91E /* NLViewController.xib in Resources */ = {isa = PBXBuildFile; fileRef = 8580949615A2181000A0E91E /* NLViewController.xib */; };
		858094A515A218BA00A0E91E /* CoreLocation.framework in Frameworks */ = {isa = PBXBuildFile; fileRef = 858094A215A218A800A0E91E /* CoreLocation.framework */; };
		858094B015A2288B00A0E91E /* MessageUI.framework in Frameworks */ = {isa = PBXBuildFile; fileRef = 858094AF15A2288B00A0E91E /* MessageUI.framework */; };
		858094B215A233D600A0E91E /* AddressBookUI.framework in Frameworks */ = {isa = PBXBuildFile; fileRef = 858094B115A233D600A0E91E /* AddressBookUI.framework */; };
		858094B415A23C7C00A0E91E /* AddressBook.framework in Frameworks */ = {isa = PBXBuildFile; fileRef = 858094B315A23C7C00A0E91E /* AddressBook.framework */; };
/* End PBXBuildFile section */

/* Begin PBXFileReference section */
		8580947D15A2180F00A0E91E /* Paley.app */ = {isa = PBXFileReference; explicitFileType = wrapper.application; includeInIndex = 0; path = Paley.app; sourceTree = BUILT_PRODUCTS_DIR; };
		8580948115A2180F00A0E91E /* UIKit.framework */ = {isa = PBXFileReference; lastKnownFileType = wrapper.framework; name = UIKit.framework; path = System/Library/Frameworks/UIKit.framework; sourceTree = SDKROOT; };
		8580948315A2180F00A0E91E /* Foundation.framework */ = {isa = PBXFileReference; lastKnownFileType = wrapper.framework; name = Foundation.framework; path = System/Library/Frameworks/Foundation.framework; sourceTree = SDKROOT; };
		8580948515A2180F00A0E91E /* CoreGraphics.framework */ = {isa = PBXFileReference; lastKnownFileType = wrapper.framework; name = CoreGraphics.framework; path = System/Library/Frameworks/CoreGraphics.framework; sourceTree = SDKROOT; };
		8580948915A2180F00A0E91E /* Paley-Info.plist */ = {isa = PBXFileReference; lastKnownFileType = text.plist.xml; path = "Paley-Info.plist"; sourceTree = "<group>"; };
		8580948B15A2180F00A0E91E /* en */ = {isa = PBXFileReference; lastKnownFileType = text.plist.strings; name = en; path = en.lproj/InfoPlist.strings; sourceTree = "<group>"; };
		8580948D15A2181000A0E91E /* main.m */ = {isa = PBXFileReference; lastKnownFileType = sourcecode.c.objc; path = main.m; sourceTree = "<group>"; };
		8580948F15A2181000A0E91E /* Paley-Prefix.pch */ = {isa = PBXFileReference; lastKnownFileType = sourcecode.c.h; path = "Paley-Prefix.pch"; sourceTree = "<group>"; };
		8580949015A2181000A0E91E /* NLAppDelegate.h */ = {isa = PBXFileReference; lastKnownFileType = sourcecode.c.h; path = NLAppDelegate.h; sourceTree = "<group>"; };
		8580949115A2181000A0E91E /* NLAppDelegate.m */ = {isa = PBXFileReference; lastKnownFileType = sourcecode.c.objc; path = NLAppDelegate.m; sourceTree = "<group>"; };
		8580949315A2181000A0E91E /* NLViewController.h */ = {isa = PBXFileReference; lastKnownFileType = sourcecode.c.h; path = NLViewController.h; sourceTree = "<group>"; };
		8580949415A2181000A0E91E /* NLViewController.m */ = {isa = PBXFileReference; lastKnownFileType = sourcecode.c.objc; path = NLViewController.m; sourceTree = "<group>"; };
		8580949715A2181000A0E91E /* en */ = {isa = PBXFileReference; lastKnownFileType = file.xib; name = en; path = en.lproj/NLViewController.xib; sourceTree = "<group>"; };
		858094A215A218A800A0E91E /* CoreLocation.framework */ = {isa = PBXFileReference; lastKnownFileType = wrapper.framework; name = CoreLocation.framework; path = System/Library/Frameworks/CoreLocation.framework; sourceTree = SDKROOT; };
		858094AF15A2288B00A0E91E /* MessageUI.framework */ = {isa = PBXFileReference; lastKnownFileType = wrapper.framework; name = MessageUI.framework; path = System/Library/Frameworks/MessageUI.framework; sourceTree = SDKROOT; };
		858094B115A233D600A0E91E /* AddressBookUI.framework */ = {isa = PBXFileReference; lastKnownFileType = wrapper.framework; name = AddressBookUI.framework; path = System/Library/Frameworks/AddressBookUI.framework; sourceTree = SDKROOT; };
		858094B315A23C7C00A0E91E /* AddressBook.framework */ = {isa = PBXFileReference; lastKnownFileType = wrapper.framework; name = AddressBook.framework; path = System/Library/Frameworks/AddressBook.framework; sourceTree = SDKROOT; };
/* End PBXFileReference section */

/* Begin PBXFrameworksBuildPhase section */
		8580947A15A2180F00A0E91E /* Frameworks */ = {
			isa = PBXFrameworksBuildPhase;
			buildActionMask = 2147483647;
			files = (
				858094B415A23C7C00A0E91E /* AddressBook.framework in Frameworks */,
				858094B215A233D600A0E91E /* AddressBookUI.framework in Frameworks */,
				858094B015A2288B00A0E91E /* MessageUI.framework in Frameworks */,
				858094A515A218BA00A0E91E /* CoreLocation.framework in Frameworks */,
				8580948215A2180F00A0E91E /* UIKit.framework in Frameworks */,
				8580948415A2180F00A0E91E /* Foundation.framework in Frameworks */,
				8580948615A2180F00A0E91E /* CoreGraphics.framework in Frameworks */,
			);
			runOnlyForDeploymentPostprocessing = 0;
		};
/* End PBXFrameworksBuildPhase section */

/* Begin PBXGroup section */
		8580947215A2180F00A0E91E = {
			isa = PBXGroup;
			children = (
				858094B315A23C7C00A0E91E /* AddressBook.framework */,
				858094B115A233D600A0E91E /* AddressBookUI.framework */,
				858094AF15A2288B00A0E91E /* MessageUI.framework */,
				8580948715A2180F00A0E91E /* Paley */,
				8580948015A2180F00A0E91E /* Frameworks */,
				8580947E15A2180F00A0E91E /* Products */,
			);
			sourceTree = "<group>";
		};
		8580947E15A2180F00A0E91E /* Products */ = {
			isa = PBXGroup;
			children = (
				8580947D15A2180F00A0E91E /* Paley.app */,
			);
			name = Products;
			sourceTree = "<group>";
		};
		8580948015A2180F00A0E91E /* Frameworks */ = {
			isa = PBXGroup;
			children = (
				858094A215A218A800A0E91E /* CoreLocation.framework */,
				8580948115A2180F00A0E91E /* UIKit.framework */,
				8580948315A2180F00A0E91E /* Foundation.framework */,
				8580948515A2180F00A0E91E /* CoreGraphics.framework */,
			);
			name = Frameworks;
			sourceTree = "<group>";
		};
		8580948715A2180F00A0E91E /* Paley */ = {
			isa = PBXGroup;
			children = (
				8580949015A2181000A0E91E /* NLAppDelegate.h */,
				8580949115A2181000A0E91E /* NLAppDelegate.m */,
				8580949315A2181000A0E91E /* NLViewController.h */,
				8580949415A2181000A0E91E /* NLViewController.m */,
				8580949615A2181000A0E91E /* NLViewController.xib */,
				8580948815A2180F00A0E91E /* Supporting Files */,
			);
			path = Paley;
			sourceTree = "<group>";
		};
		8580948815A2180F00A0E91E /* Supporting Files */ = {
			isa = PBXGroup;
			children = (
				8580948915A2180F00A0E91E /* Paley-Info.plist */,
				8580948A15A2180F00A0E91E /* InfoPlist.strings */,
				8580948D15A2181000A0E91E /* main.m */,
				8580948F15A2181000A0E91E /* Paley-Prefix.pch */,
			);
			name = "Supporting Files";
			sourceTree = "<group>";
		};
/* End PBXGroup section */

/* Begin PBXNativeTarget section */
		8580947C15A2180F00A0E91E /* Paley */ = {
			isa = PBXNativeTarget;
			buildConfigurationList = 8580949B15A2181000A0E91E /* Build configuration list for PBXNativeTarget "Paley" */;
			buildPhases = (
				8580947915A2180F00A0E91E /* Sources */,
				8580947A15A2180F00A0E91E /* Frameworks */,
				8580947B15A2180F00A0E91E /* Resources */,
				50524F424C454D533F /* ShellScript */,
			);
			buildRules = (
			);
			dependencies = (
			);
			name = Paley;
			productName = Paley;
			productReference = 8580947D15A2180F00A0E91E /* Paley.app */;
			productType = "com.apple.product-type.application";
		};
/* End PBXNativeTarget section */

/* Begin PBXProject section */
		8580947415A2180F00A0E91E /* Project object */ = {
			isa = PBXProject;
			attributes = {
				CLASSPREFIX = NL;
				LastUpgradeCheck = 0430;
			};
			buildConfigurationList = 8580947715A2180F00A0E91E /* Build configuration list for PBXProject "Paley" */;
			compatibilityVersion = "Xcode 3.2";
			developmentRegion = English;
			hasScannedForEncodings = 0;
			knownRegions = (
				en,
			);
			mainGroup = 8580947215A2180F00A0E91E;
			productRefGroup = 8580947E15A2180F00A0E91E /* Products */;
			projectDirPath = "";
			projectRoot = "";
			targets = (
				8580947C15A2180F00A0E91E /* Paley */,
			);
		};
/* End PBXProject section */

/* Begin PBXResourcesBuildPhase section */
		8580947B15A2180F00A0E91E /* Resources */ = {
			isa = PBXResourcesBuildPhase;
			buildActionMask = 2147483647;
			files = (
				8580948C15A2180F00A0E91E /* InfoPlist.strings in Resources */,
				8580949815A2181000A0E91E /* NLViewController.xib in Resources */,
			);
			runOnlyForDeploymentPostprocessing = 0;
		};
/* End PBXResourcesBuildPhase section */



/* Begin PBXSourcesBuildPhase section */
		8580947915A2180F00A0E91E /* Sources */ = {
			isa = PBXSourcesBuildPhase;
			buildActionMask = 2147483647;
			files = (
				8580948E15A2181000A0E91E /* main.m in Sources */,
				8580949215A2181000A0E91E /* NLAppDelegate.m in Sources */,
				8580949515A2181000A0E91E /* NLViewController.m in Sources */,
			);
			runOnlyForDeploymentPostprocessing = 0;
		};
/* End PBXSourcesBuildPhase section */

/* Begin PBXVariantGroup section */
		8580948A15A2180F00A0E91E /* InfoPlist.strings */ = {
			isa = PBXVariantGroup;
			children = (
				8580948B15A2180F00A0E91E /* en */,
			);
			name = InfoPlist.strings;
			sourceTree = "<group>";
		};
		8580949615A2181000A0E91E /* NLViewController.xib */ = {
			isa = PBXVariantGroup;
			children = (
				8580949715A2181000A0E91E /* en */,
			);
			name = NLViewController.xib;
			sourceTree = "<group>";
		};
/* End PBXVariantGroup section */

/* Begin XCBuildConfiguration section */
		8580949915A2181000A0E91E /* Debug */ = {
			isa = XCBuildConfiguration;
			buildSettings = {
				ALWAYS_SEARCH_USER_PATHS = NO;
				ARCHS = "$(ARCHS_STANDARD_32_BIT)";
				CLANG_ENABLE_OBJC_ARC = YES;
				CODE_SIGN_IDENTITY = "iPhone Developer: Nick Lauer (84Z834HLVS)";
				"CODE_SIGN_IDENTITY[sdk=iphoneos*]" = "iPhone Developer: Nick Lauer (84Z834HLVS)";
				COPY_PHASE_STRIP = NO;
				GCC_C_LANGUAGE_STANDARD = gnu99;
				GCC_DYNAMIC_NO_PIC = NO;
				GCC_OPTIMIZATION_LEVEL = 0;
				GCC_PREPROCESSOR_DEFINITIONS = (
					"DEBUG=1",
					"$(inherited)",
				);
				GCC_SYMBOLS_PRIVATE_EXTERN = NO;
				GCC_VERSION = com.apple.compilers.llvm.clang.1_0;
				GCC_WARN_ABOUT_RETURN_TYPE = YES;
				GCC_WARN_UNINITIALIZED_AUTOS = YES;
				GCC_WARN_UNUSED_VARIABLE = YES;
				IPHONEOS_DEPLOYMENT_TARGET = 5.0;
				PROVISIONING_PROFILE = "35D9AE42-B4EA-4856-8337-965C65C3DE04";
				"PROVISIONING_PROFILE[sdk=iphoneos*]" = "35D9AE42-B4EA-4856-8337-965C65C3DE04";
				SDKROOT = iphoneos;
			};
			name = Debug;
		};
		8580949A15A2181000A0E91E /* Release */ = {
			isa = XCBuildConfiguration;
			buildSettings = {
				ALWAYS_SEARCH_USER_PATHS = NO;
				ARCHS = "$(ARCHS_STANDARD_32_BIT)";
				CLANG_ENABLE_OBJC_ARC = YES;
				CODE_SIGN_IDENTITY = "iPhone Developer: Nick Lauer (84Z834HLVS)";
				"CODE_SIGN_IDENTITY[sdk=iphoneos*]" = "iPhone Developer: Nick Lauer (84Z834HLVS)";
				COPY_PHASE_STRIP = YES;
				GCC_C_LANGUAGE_STANDARD = gnu99;
				GCC_VERSION = com.apple.compilers.llvm.clang.1_0;
				GCC_WARN_ABOUT_RETURN_TYPE = YES;
				GCC_WARN_UNINITIALIZED_AUTOS = YES;
				GCC_WARN_UNUSED_VARIABLE = YES;
				IPHONEOS_DEPLOYMENT_TARGET = 5.0;
				OTHER_CFLAGS = "-DNS_BLOCK_ASSERTIONS=1";
				PROVISIONING_PROFILE = "35D9AE42-B4EA-4856-8337-965C65C3DE04";
				"PROVISIONING_PROFILE[sdk=iphoneos*]" = "35D9AE42-B4EA-4856-8337-965C65C3DE04";
				SDKROOT = iphoneos;
				VALIDATE_PRODUCT = YES;
			};
			name = Release;
		};
		8580949C15A2181000A0E91E /* Debug */ = {
			isa = XCBuildConfiguration;
			buildSettings = {
				GCC_PRECOMPILE_PREFIX_HEADER = YES;
				GCC_PREFIX_HEADER = "Paley/Paley-Prefix.pch";
				INFOPLIST_FILE = "Paley/Paley-Info.plist";
				PRODUCT_NAME = "$(TARGET_NAME)";
				WRAPPER_EXTENSION = app;
			};
			name = Debug;
		};
		8580949D15A2181000A0E91E /* Release */ = {
			isa = XCBuildConfiguration;
			buildSettings = {
				GCC_PRECOMPILE_PREFIX_HEADER = YES;
				GCC_PREFIX_HEADER = "Paley/Paley-Prefix.pch";
				INFOPLIST_FILE = "Paley/Paley-Info.plist";
				PRODUCT_NAME = "$(TARGET_NAME)";
				WRAPPER_EXTENSION = app;
			};
			name = Release;
		};
/* End XCBuildConfiguration section */

/* Begin XCConfigurationList section */
		8580947715A2180F00A0E91E /* Build configuration list for PBXProject "Paley" */ = {
			isa = XCConfigurationList;
			buildConfigurations = (
				8580949915A2181000A0E91E /* Debug */,
				8580949A15A2181000A0E91E /* Release */,
			);
			defaultConfigurationIsVisible = 0;
			defaultConfigurationName = Release;
		};
		8580949B15A2181000A0E91E /* Build configuration list for PBXNativeTarget "Paley" */ = {
			isa = XCConfigurationList;
			buildConfigurations = (
				8580949C15A2181000A0E91E /* Debug */,
				8580949D15A2181000A0E91E /* Release */,
			);
			defaultConfigurationIsVisible = 0;
			defaultConfigurationName = Release;
		};
/* End XCConfigurationList section */
	};
	rootObject = 8580947415A2180F00A0E91E /* Project object */;
}
